{
  "name": "ServerlessCobol",
  "version": "1.0.0",
  "lockfileVersion": 1,
  "requires": true,
  "dependencies": {
    "cobolscript": {
      "version": "git://github.com/ajlopez/CobolScript.git#c4dd8bd44162c423febc026ff07594107b3f42de",
      "integrity": "sha1-ev+jYrPTk/Hpx/SNxwc/nvr/lNI="
    }
  }
}
